{
  "name": "jsinterview",
  "lockfileVersion": 3,
  "requires": true,
  "packages": {
    "": {
      "dependencies": {
        "@ffmpeg/ffmpeg": "^0.12.10",
        "assemblyai": "^4.8.0",
        "dotenv": "^16.4.7",
        "video-to-audio": "^1.0.1"
      }
    },
    "node_modules/@ffmpeg/ffmpeg": {
      "version": "0.12.10",
      "resolved": "https://registry.npmjs.org/@ffmpeg/ffmpeg/-/ffmpeg-0.12.10.tgz",
      "integrity": "sha512-lVtk8PW8e+NUzGZhPTWj2P1J4/NyuCrbDD3O9IGpSeLYtUZKBqZO8CNj1WYGghep/MXoM8e1qVY1GztTkf8YYQ==",
      "license": "MIT",
      "dependencies": {
        "@ffmpeg/types": "^0.12.2"
      },
      "engines": {
        "node": ">=18.x"
      }
    },
    "node_modules/@ffmpeg/types": {
      "version": "0.12.2",
      "resolved": "https://registry.npmjs.org/@ffmpeg/types/-/types-0.12.2.tgz",
      "integrity": "sha512-NJtxwPoLb60/z1Klv0ueshguWQ/7mNm106qdHkB4HL49LXszjhjCCiL+ldHJGQ9ai2Igx0s4F24ghigy//ERdA==",
      "license": "MIT",
      "engines": {
        "node": ">=16.x"
      }
    },
    "node_modules/assemblyai": {
      "version": "4.8.0",
      "resolved": "https://registry.npmjs.org/assemblyai/-/assemblyai-4.8.0.tgz",
      "integrity": "sha512-TRIcthDBdJ+lj1ohLa516Kr/BO2AQn+IhBBl/eeomZGZym90aEC6qirc337hEPUxmmINSJ8XTSY4xwy51HmDGA==",
      "license": "MIT",
      "dependencies": {
        "ws": "^8.18.0"
      },
      "engines": {
        "node": ">=18"
      }
    },
    "node_modules/dotenv": {
      "version": "16.4.7",
      "resolved": "https://registry.npmjs.org/dotenv/-/dotenv-16.4.7.tgz",
      "integrity": "sha512-47qPchRCykZC03FhkYAhrvwU4xDBFIj1QPqaarj6mdM/hgUzfPHcpkHJOn3mJAufFeeAxAzeGsr5X0M4k6fLZQ==",
      "license": "BSD-2-Clause",
      "engines": {
        "node": ">=12"
      },
      "funding": {
        "url": "https://dotenvx.com"
      }
    },
    "node_modules/video-to-audio": {
      "version": "1.0.1",
      "resolved": "https://registry.npmjs.org/video-to-audio/-/video-to-audio-1.0.1.tgz",
      "integrity": "sha512-6+h79x2kSO60PYTT2cXcgXIsqw/3X8a5qshsZanxH0cxbGUVxVllwQdNOWr/8ywDNcgGgecSmk8Q6TJ79gtFjQ==",
      "license": "MIT"
    },
    "node_modules/ws": {
      "version": "8.18.0",
      "resolved": "https://registry.npmjs.org/ws/-/ws-8.18.0.tgz",
      "integrity": "sha512-8VbfWfHLbbwu3+N6OKsOMpBdT4kXPDDB9cJk2bJ6mh9ucxdlnNvH1e+roYkKmN9Nxw2yjz7VzeO9oOz2zJ04Pw==",
      "license": "MIT",
      "engines": {
        "node": ">=10.0.0"
      },
      "peerDependencies": {
        "bufferutil": "^4.0.1",
        "utf-8-validate": ">=5.0.2"
      },
      "peerDependenciesMeta": {
        "bufferutil": {
          "optional": true
        },
        "utf-8-validate": {
          "optional": true
        }
      }
    }
  }
}
